{
  "version": 4,
  "terraform_version": "1.1.9",
  "serial": 2,
  "lineage": "0343c468-369a-235a-c577-08664bfbe4b6",
  "outputs": {
    "example-output": {
      "value": "/subscriptions/f96e8b5d-dc0a-403e-b48e-f4279fa28540/resourceGroups/rg_eldo_terraform_1",
      "type": "string"
    },
    "example-output-2": {
      "value": "rg_eldo_terraform_1",
      "type": "string"
    }
  },
  "resources": [
    {
      "mode": "managed",
      "type": "azurerm_resource_group",
      "name": "rg_eldo_terraform",
      "provider": "provider[\"registry.terraform.io/hashicorp/azurerm\"]",
      "instances": [
        {
          "schema_version": 0,
          "attributes": {
            "id": "/subscriptions/f96e8b5d-dc0a-403e-b48e-f4279fa28540/resourceGroups/rg_eldo_terraform_1",
            "location": "eastus",
            "name": "rg_eldo_terraform_1",
            "tags": null,
            "timeouts": null
          },
          "sensitive_attributes": [],
          "private": "eyJlMmJmYjczMC1lY2FhLTExZTYtOGY4OC0zNDM2M2JjN2M0YzAiOnsiY3JlYXRlIjo1NDAwMDAwMDAwMDAwLCJkZWxldGUiOjU0MDAwMDAwMDAwMDAsInJlYWQiOjMwMDAwMDAwMDAwMCwidXBkYXRlIjo1NDAwMDAwMDAwMDAwfX0="
        }
      ]
    }
  ]
}
