{
  "version": 4,
  "terraform_version": "1.1.9",
  "serial": 11,
  "lineage": "d5b45540-7f61-1b72-e77c-0c8d6f37edc4",
  "outputs": {},
  "resources": [
    {
      "mode": "managed",
      "type": "azurerm_private_dns_zone",
      "name": "dnd_zonr",
      "provider": "provider[\"registry.terraform.io/hashicorp/azurerm\"]",
      "instances": [
        {
          "schema_version": 0,
          "attributes": {
            "id": "/subscriptions/36260a71-e924-4c85-9d8a-959a0bff8c04/resourceGroups/rg_unit4/providers/Microsoft.Network/privateDnsZones/emic.dnszone.com",
            "max_number_of_record_sets": 25000,
            "max_number_of_virtual_network_links": 1000,
            "max_number_of_virtual_network_links_with_registration": 100,
            "name": "emic.dnszone.com",
            "number_of_record_sets": 1,
            "resource_group_name": "rg_unit4",
            "soa_record": [
              {
                "email": "azureprivatedns-host.microsoft.com",
                "expire_time": 2419200,
                "fqdn": "emic.dnszone.com.",
                "host_name": "azureprivatedns.net",
                "minimum_ttl": 10,
                "refresh_time": 3600,
                "retry_time": 300,
                "serial_number": 1,
                "tags": {},
                "ttl": 3600
              }
            ],
            "tags": null,
            "timeouts": null
          },
          "sensitive_attributes": [],
          "private": "eyJlMmJmYjczMC1lY2FhLTExZTYtOGY4OC0zNDM2M2JjN2M0YzAiOnsiY3JlYXRlIjoxODAwMDAwMDAwMDAwLCJkZWxldGUiOjE4MDAwMDAwMDAwMDAsInJlYWQiOjMwMDAwMDAwMDAwMCwidXBkYXRlIjoxODAwMDAwMDAwMDAwfX0="
        }
      ]
    },
    {
      "mode": "managed",
      "type": "azurerm_virtual_network",
      "name": "proyecto1_vnet",
      "provider": "provider[\"registry.terraform.io/hashicorp/azurerm\"]",
      "instances": [
        {
          "schema_version": 0,
          "attributes": {
            "address_space": [
              "10.20.0.0/16"
            ],
            "bgp_community": "",
            "ddos_protection_plan": [],
            "dns_servers": [],
            "edge_zone": "",
            "flow_timeout_in_minutes": 0,
            "guid": "ff0e45c5-8c9d-4413-acae-9a382fef2da8",
            "id": "/subscriptions/36260a71-e924-4c85-9d8a-959a0bff8c04/resourceGroups/rg_unit4/providers/Microsoft.Network/virtualNetworks/CoreServicesVnet",
            "location": "eastus",
            "name": "CoreServicesVnet",
            "resource_group_name": "rg_unit4",
            "subnet": [
              {
                "address_prefix": "10.20.0.0/27",
                "id": "/subscriptions/36260a71-e924-4c85-9d8a-959a0bff8c04/resourceGroups/rg_unit4/providers/Microsoft.Network/virtualNetworks/CoreServicesVnet/subnets/GatewaySubnet",
                "name": "GatewaySubnet",
                "security_group": ""
              },
              {
                "address_prefix": "10.20.10.0/24",
                "id": "/subscriptions/36260a71-e924-4c85-9d8a-959a0bff8c04/resourceGroups/rg_unit4/providers/Microsoft.Network/virtualNetworks/CoreServicesVnet/subnets/SharedServicesSubnet",
                "name": "SharedServicesSubnet",
                "security_group": ""
              },
              {
                "address_prefix": "10.20.20.0/24",
                "id": "/subscriptions/36260a71-e924-4c85-9d8a-959a0bff8c04/resourceGroups/rg_unit4/providers/Microsoft.Network/virtualNetworks/CoreServicesVnet/subnets/DatabaseSubnet",
                "name": "DatabaseSubnet",
                "security_group": ""
              },
              {
                "address_prefix": "10.20.30.0/24",
                "id": "/subscriptions/36260a71-e924-4c85-9d8a-959a0bff8c04/resourceGroups/rg_unit4/providers/Microsoft.Network/virtualNetworks/CoreServicesVnet/subnets/PublicWebServiceSubnet",
                "name": "PublicWebServiceSubnet",
                "security_group": ""
              }
            ],
            "tags": {},
            "timeouts": null
          },
          "sensitive_attributes": [],
          "private": "eyJlMmJmYjczMC1lY2FhLTExZTYtOGY4OC0zNDM2M2JjN2M0YzAiOnsiY3JlYXRlIjoxODAwMDAwMDAwMDAwLCJkZWxldGUiOjE4MDAwMDAwMDAwMDAsInJlYWQiOjMwMDAwMDAwMDAwMCwidXBkYXRlIjoxODAwMDAwMDAwMDAwfX0="
        }
      ]
    },
    {
      "mode": "managed",
      "type": "azurerm_virtual_network",
      "name": "proyecto2_vnet",
      "provider": "provider[\"registry.terraform.io/hashicorp/azurerm\"]",
      "instances": [
        {
          "schema_version": 0,
          "attributes": {
            "address_space": [
              "10.30.0.0/16"
            ],
            "bgp_community": "",
            "ddos_protection_plan": [],
            "dns_servers": [],
            "edge_zone": "",
            "flow_timeout_in_minutes": 0,
            "guid": "6af06d3c-e3a7-4a1b-a142-d5dc14dea98d",
            "id": "/subscriptions/36260a71-e924-4c85-9d8a-959a0bff8c04/resourceGroups/rg_unit4/providers/Microsoft.Network/virtualNetworks/ManufacturingVnet",
            "location": "westeurope",
            "name": "ManufacturingVnet",
            "resource_group_name": "rg_unit4",
            "subnet": [
              {
                "address_prefix": "10.30.10.0/24",
                "id": "/subscriptions/36260a71-e924-4c85-9d8a-959a0bff8c04/resourceGroups/rg_unit4/providers/Microsoft.Network/virtualNetworks/ManufacturingVnet/subnets/ManufacturingSystemSubnet",
                "name": "ManufacturingSystemSubnet",
                "security_group": ""
              },
              {
                "address_prefix": "10.30.20.0/24",
                "id": "/subscriptions/36260a71-e924-4c85-9d8a-959a0bff8c04/resourceGroups/rg_unit4/providers/Microsoft.Network/virtualNetworks/ManufacturingVnet/subnets/SensorSubnet1",
                "name": "SensorSubnet1",
                "security_group": ""
              },
              {
                "address_prefix": "10.30.21.0/24",
                "id": "/subscriptions/36260a71-e924-4c85-9d8a-959a0bff8c04/resourceGroups/rg_unit4/providers/Microsoft.Network/virtualNetworks/ManufacturingVnet/subnets/SensorSubnet2",
                "name": "SensorSubnet2",
                "security_group": ""
              },
              {
                "address_prefix": "10.30.22.0/24",
                "id": "/subscriptions/36260a71-e924-4c85-9d8a-959a0bff8c04/resourceGroups/rg_unit4/providers/Microsoft.Network/virtualNetworks/ManufacturingVnet/subnets/SensorSubnet3",
                "name": "SensorSubnet3",
                "security_group": ""
              }
            ],
            "tags": {},
            "timeouts": null
          },
          "sensitive_attributes": [],
          "private": "eyJlMmJmYjczMC1lY2FhLTExZTYtOGY4OC0zNDM2M2JjN2M0YzAiOnsiY3JlYXRlIjoxODAwMDAwMDAwMDAwLCJkZWxldGUiOjE4MDAwMDAwMDAwMDAsInJlYWQiOjMwMDAwMDAwMDAwMCwidXBkYXRlIjoxODAwMDAwMDAwMDAwfX0="
        }
      ]
    }
  ]
}
