{
  "version": 4,
  "terraform_version": "1.1.9",
  "serial": 20,
  "lineage": "d5b45540-7f61-1b72-e77c-0c8d6f37edc4",
  "outputs": {},
  "resources": [
    {
      "mode": "managed",
      "type": "azurerm_private_dns_zone",
      "name": "dnszone",
      "provider": "provider[\"registry.terraform.io/hashicorp/azurerm\"]",
      "instances": [
        {
          "schema_version": 0,
          "attributes": {
            "id": "/subscriptions/36260a71-e924-4c85-9d8a-959a0bff8c04/resourceGroups/rg_unit4/providers/Microsoft.Network/privateDnsZones/emic.dnszone.com",
            "max_number_of_record_sets": 25000,
            "max_number_of_virtual_network_links": 1000,
            "max_number_of_virtual_network_links_with_registration": 100,
            "name": "emic.dnszone.com",
            "number_of_record_sets": 1,
            "resource_group_name": "rg_unit4",
            "soa_record": [
              {
                "email": "azureprivatedns-host.microsoft.com",
                "expire_time": 2419200,
                "fqdn": "emic.dnszone.com.",
                "host_name": "azureprivatedns.net",
                "minimum_ttl": 10,
                "refresh_time": 3600,
                "retry_time": 300,
                "serial_number": 1,
                "tags": {},
                "ttl": 3600
              }
            ],
            "tags": null,
            "timeouts": null
          },
          "sensitive_attributes": [],
          "private": "eyJlMmJmYjczMC1lY2FhLTExZTYtOGY4OC0zNDM2M2JjN2M0YzAiOnsiY3JlYXRlIjoxODAwMDAwMDAwMDAwLCJkZWxldGUiOjE4MDAwMDAwMDAwMDAsInJlYWQiOjMwMDAwMDAwMDAwMCwidXBkYXRlIjoxODAwMDAwMDAwMDAwfX0=",
          "dependencies": [
            "azurerm_resource_group.rg"
          ]
        }
      ]
    },
    {
      "mode": "managed",
      "type": "azurerm_private_dns_zone_virtual_network_link",
      "name": "CoreServicesVnetLink",
      "provider": "provider[\"registry.terraform.io/hashicorp/azurerm\"]",
      "instances": [
        {
          "schema_version": 0,
          "attributes": {
            "id": "/subscriptions/36260a71-e924-4c85-9d8a-959a0bff8c04/resourceGroups/rg_unit4/providers/Microsoft.Network/privateDnsZones/emic.dnszone.com/virtualNetworkLinks/CoreServicesVnetLink",
            "name": "CoreServicesVnetLink",
            "private_dns_zone_name": "emic.dnszone.com",
            "registration_enabled": true,
            "resource_group_name": "rg_unit4",
            "tags": null,
            "timeouts": null,
            "virtual_network_id": "/subscriptions/36260a71-e924-4c85-9d8a-959a0bff8c04/resourceGroups/rg_unit4/providers/Microsoft.Network/virtualNetworks/CoreServicesVnet"
          },
          "sensitive_attributes": [],
          "private": "eyJlMmJmYjczMC1lY2FhLTExZTYtOGY4OC0zNDM2M2JjN2M0YzAiOnsiY3JlYXRlIjoxODAwMDAwMDAwMDAwLCJkZWxldGUiOjE4MDAwMDAwMDAwMDAsInJlYWQiOjMwMDAwMDAwMDAwMCwidXBkYXRlIjoxODAwMDAwMDAwMDAwfX0=",
          "dependencies": [
            "azurerm_private_dns_zone.dnszone",
            "azurerm_resource_group.rg",
            "azurerm_virtual_network.CoreServicesVnet"
          ]
        }
      ]
    },
    {
      "mode": "managed",
      "type": "azurerm_private_dns_zone_virtual_network_link",
      "name": "ManufacturingVnetLink",
      "provider": "provider[\"registry.terraform.io/hashicorp/azurerm\"]",
      "instances": [
        {
          "schema_version": 0,
          "attributes": {
            "id": "/subscriptions/36260a71-e924-4c85-9d8a-959a0bff8c04/resourceGroups/rg_unit4/providers/Microsoft.Network/privateDnsZones/emic.dnszone.com/virtualNetworkLinks/ManufacturingVnetLink",
            "name": "ManufacturingVnetLink",
            "private_dns_zone_name": "emic.dnszone.com",
            "registration_enabled": true,
            "resource_group_name": "rg_unit4",
            "tags": null,
            "timeouts": null,
            "virtual_network_id": "/subscriptions/36260a71-e924-4c85-9d8a-959a0bff8c04/resourceGroups/rg_unit4/providers/Microsoft.Network/virtualNetworks/ManufacturingVnet"
          },
          "sensitive_attributes": [],
          "private": "eyJlMmJmYjczMC1lY2FhLTExZTYtOGY4OC0zNDM2M2JjN2M0YzAiOnsiY3JlYXRlIjoxODAwMDAwMDAwMDAwLCJkZWxldGUiOjE4MDAwMDAwMDAwMDAsInJlYWQiOjMwMDAwMDAwMDAwMCwidXBkYXRlIjoxODAwMDAwMDAwMDAwfX0=",
          "dependencies": [
            "azurerm_private_dns_zone.dnszone",
            "azurerm_resource_group.rg",
            "azurerm_virtual_network.ManufacturingVnet"
          ]
        }
      ]
    },
    {
      "mode": "managed",
      "type": "azurerm_private_dns_zone_virtual_network_link",
      "name": "ResearchVnetLink",
      "provider": "provider[\"registry.terraform.io/hashicorp/azurerm\"]",
      "instances": [
        {
          "schema_version": 0,
          "attributes": {
            "id": "/subscriptions/36260a71-e924-4c85-9d8a-959a0bff8c04/resourceGroups/rg_unit4/providers/Microsoft.Network/privateDnsZones/emic.dnszone.com/virtualNetworkLinks/ResearchVnetLink",
            "name": "ResearchVnetLink",
            "private_dns_zone_name": "emic.dnszone.com",
            "registration_enabled": true,
            "resource_group_name": "rg_unit4",
            "tags": null,
            "timeouts": null,
            "virtual_network_id": "/subscriptions/36260a71-e924-4c85-9d8a-959a0bff8c04/resourceGroups/rg_unit4/providers/Microsoft.Network/virtualNetworks/ResearchVnet"
          },
          "sensitive_attributes": [],
          "private": "eyJlMmJmYjczMC1lY2FhLTExZTYtOGY4OC0zNDM2M2JjN2M0YzAiOnsiY3JlYXRlIjoxODAwMDAwMDAwMDAwLCJkZWxldGUiOjE4MDAwMDAwMDAwMDAsInJlYWQiOjMwMDAwMDAwMDAwMCwidXBkYXRlIjoxODAwMDAwMDAwMDAwfX0=",
          "dependencies": [
            "azurerm_private_dns_zone.dnszone",
            "azurerm_resource_group.rg",
            "azurerm_virtual_network.ResearchVnet"
          ]
        }
      ]
    },
    {
      "mode": "managed",
      "type": "azurerm_resource_group",
      "name": "rg",
      "provider": "provider[\"registry.terraform.io/hashicorp/azurerm\"]",
      "instances": [
        {
          "schema_version": 0,
          "attributes": {
            "id": "/subscriptions/36260a71-e924-4c85-9d8a-959a0bff8c04/resourceGroups/rg_unit4",
            "location": "eastus",
            "name": "rg_unit4",
            "tags": null,
            "timeouts": null
          },
          "sensitive_attributes": [],
          "private": "eyJlMmJmYjczMC1lY2FhLTExZTYtOGY4OC0zNDM2M2JjN2M0YzAiOnsiY3JlYXRlIjo1NDAwMDAwMDAwMDAwLCJkZWxldGUiOjU0MDAwMDAwMDAwMDAsInJlYWQiOjMwMDAwMDAwMDAwMCwidXBkYXRlIjo1NDAwMDAwMDAwMDAwfX0="
        }
      ]
    },
    {
      "mode": "managed",
      "type": "azurerm_virtual_network",
      "name": "CoreServicesVnet",
      "provider": "provider[\"registry.terraform.io/hashicorp/azurerm\"]",
      "instances": [
        {
          "schema_version": 0,
          "attributes": {
            "address_space": [
              "10.20.0.0/16"
            ],
            "bgp_community": "",
            "ddos_protection_plan": [],
            "dns_servers": [],
            "edge_zone": "",
            "flow_timeout_in_minutes": 0,
            "guid": "962a781f-afa9-4b9c-98df-ea1b42e3930b",
            "id": "/subscriptions/36260a71-e924-4c85-9d8a-959a0bff8c04/resourceGroups/rg_unit4/providers/Microsoft.Network/virtualNetworks/CoreServicesVnet",
            "location": "eastus",
            "name": "CoreServicesVnet",
            "resource_group_name": "rg_unit4",
            "subnet": [
              {
                "address_prefix": "10.20.0.0/27",
                "id": "/subscriptions/36260a71-e924-4c85-9d8a-959a0bff8c04/resourceGroups/rg_unit4/providers/Microsoft.Network/virtualNetworks/CoreServicesVnet/subnets/GatewaySubnet",
                "name": "GatewaySubnet",
                "security_group": ""
              },
              {
                "address_prefix": "10.20.10.0/24",
                "id": "/subscriptions/36260a71-e924-4c85-9d8a-959a0bff8c04/resourceGroups/rg_unit4/providers/Microsoft.Network/virtualNetworks/CoreServicesVnet/subnets/SharedServicesSubnet",
                "name": "SharedServicesSubnet",
                "security_group": ""
              },
              {
                "address_prefix": "10.20.20.0/24",
                "id": "/subscriptions/36260a71-e924-4c85-9d8a-959a0bff8c04/resourceGroups/rg_unit4/providers/Microsoft.Network/virtualNetworks/CoreServicesVnet/subnets/DatabaseSubnet",
                "name": "DatabaseSubnet",
                "security_group": ""
              },
              {
                "address_prefix": "10.20.30.0/24",
                "id": "/subscriptions/36260a71-e924-4c85-9d8a-959a0bff8c04/resourceGroups/rg_unit4/providers/Microsoft.Network/virtualNetworks/CoreServicesVnet/subnets/PublicWebServiceSubnet",
                "name": "PublicWebServiceSubnet",
                "security_group": ""
              }
            ],
            "tags": null,
            "timeouts": null
          },
          "sensitive_attributes": [],
          "private": "eyJlMmJmYjczMC1lY2FhLTExZTYtOGY4OC0zNDM2M2JjN2M0YzAiOnsiY3JlYXRlIjoxODAwMDAwMDAwMDAwLCJkZWxldGUiOjE4MDAwMDAwMDAwMDAsInJlYWQiOjMwMDAwMDAwMDAwMCwidXBkYXRlIjoxODAwMDAwMDAwMDAwfX0=",
          "dependencies": [
            "azurerm_resource_group.rg"
          ]
        }
      ]
    },
    {
      "mode": "managed",
      "type": "azurerm_virtual_network",
      "name": "ManufacturingVnet",
      "provider": "provider[\"registry.terraform.io/hashicorp/azurerm\"]",
      "instances": [
        {
          "schema_version": 0,
          "attributes": {
            "address_space": [
              "10.30.0.0/16"
            ],
            "bgp_community": "",
            "ddos_protection_plan": [],
            "dns_servers": [],
            "edge_zone": "",
            "flow_timeout_in_minutes": 0,
            "guid": "5e9caa07-2743-4519-8443-456dfa984f2d",
            "id": "/subscriptions/36260a71-e924-4c85-9d8a-959a0bff8c04/resourceGroups/rg_unit4/providers/Microsoft.Network/virtualNetworks/ManufacturingVnet",
            "location": "westeurope",
            "name": "ManufacturingVnet",
            "resource_group_name": "rg_unit4",
            "subnet": [
              {
                "address_prefix": "10.30.10.0/24",
                "id": "/subscriptions/36260a71-e924-4c85-9d8a-959a0bff8c04/resourceGroups/rg_unit4/providers/Microsoft.Network/virtualNetworks/ManufacturingVnet/subnets/ManufacturingSystemSubnet",
                "name": "ManufacturingSystemSubnet",
                "security_group": ""
              },
              {
                "address_prefix": "10.30.20.0/24",
                "id": "/subscriptions/36260a71-e924-4c85-9d8a-959a0bff8c04/resourceGroups/rg_unit4/providers/Microsoft.Network/virtualNetworks/ManufacturingVnet/subnets/SensorSubnet1",
                "name": "SensorSubnet1",
                "security_group": ""
              },
              {
                "address_prefix": "10.30.21.0/24",
                "id": "/subscriptions/36260a71-e924-4c85-9d8a-959a0bff8c04/resourceGroups/rg_unit4/providers/Microsoft.Network/virtualNetworks/ManufacturingVnet/subnets/SensorSubnet2",
                "name": "SensorSubnet2",
                "security_group": ""
              },
              {
                "address_prefix": "10.30.22.0/24",
                "id": "/subscriptions/36260a71-e924-4c85-9d8a-959a0bff8c04/resourceGroups/rg_unit4/providers/Microsoft.Network/virtualNetworks/ManufacturingVnet/subnets/SensorSubnet3",
                "name": "SensorSubnet3",
                "security_group": ""
              }
            ],
            "tags": null,
            "timeouts": null
          },
          "sensitive_attributes": [],
          "private": "eyJlMmJmYjczMC1lY2FhLTExZTYtOGY4OC0zNDM2M2JjN2M0YzAiOnsiY3JlYXRlIjoxODAwMDAwMDAwMDAwLCJkZWxldGUiOjE4MDAwMDAwMDAwMDAsInJlYWQiOjMwMDAwMDAwMDAwMCwidXBkYXRlIjoxODAwMDAwMDAwMDAwfX0=",
          "dependencies": [
            "azurerm_resource_group.rg"
          ]
        }
      ]
    },
    {
      "mode": "managed",
      "type": "azurerm_virtual_network",
      "name": "ResearchVnet",
      "provider": "provider[\"registry.terraform.io/hashicorp/azurerm\"]",
      "instances": [
        {
          "schema_version": 0,
          "attributes": {
            "address_space": [
              "10.40.0.0/16"
            ],
            "bgp_community": "",
            "ddos_protection_plan": [],
            "dns_servers": [],
            "edge_zone": "",
            "flow_timeout_in_minutes": 0,
            "guid": "78c22335-3c01-4b15-8d3e-b1727ed5424e",
            "id": "/subscriptions/36260a71-e924-4c85-9d8a-959a0bff8c04/resourceGroups/rg_unit4/providers/Microsoft.Network/virtualNetworks/ResearchVnet",
            "location": "southeastasia",
            "name": "ResearchVnet",
            "resource_group_name": "rg_unit4",
            "subnet": [
              {
                "address_prefix": "10.40.0.0/24",
                "id": "/subscriptions/36260a71-e924-4c85-9d8a-959a0bff8c04/resourceGroups/rg_unit4/providers/Microsoft.Network/virtualNetworks/ResearchVnet/subnets/ResearchSystemSubnet",
                "name": "ResearchSystemSubnet",
                "security_group": ""
              }
            ],
            "tags": null,
            "timeouts": null
          },
          "sensitive_attributes": [],
          "private": "eyJlMmJmYjczMC1lY2FhLTExZTYtOGY4OC0zNDM2M2JjN2M0YzAiOnsiY3JlYXRlIjoxODAwMDAwMDAwMDAwLCJkZWxldGUiOjE4MDAwMDAwMDAwMDAsInJlYWQiOjMwMDAwMDAwMDAwMCwidXBkYXRlIjoxODAwMDAwMDAwMDAwfX0=",
          "dependencies": [
            "azurerm_resource_group.rg"
          ]
        }
      ]
    }
  ]
}
